
Microsoft Visual Studio Solution File, Format Version 12.00
# Visual Studio 2012
Project("{FAE04EC0-301F-11D3-BF4B-00C04F79EFBC}") = "QuanLyKho", "QuanLyKho\QuanLyKho.csproj", "{02A77A43-510D-4D81-A2E4-2E6879D19ADF}"
EndProject
Global
	GlobalSection(SolutionConfigurationPlatforms) = preSolution
		Debug|Any CPU = Debug|Any CPU
		Release|Any CPU = Release|Any CPU
	EndGlobalSection
	GlobalSection(ProjectConfigurationPlatforms) = postSolution
		{02A77A43-510D-4D81-A2E4-2E6879D19ADF}.Debug|Any CPU.ActiveCfg = Debug|Any CPU
		{02A77A43-510D-4D81-A2E4-2E6879D19ADF}.Debug|Any CPU.Build.0 = Debug|Any CPU
		{02A77A43-510D-4D81-A2E4-2E6879D19ADF}.Release|Any CPU.ActiveCfg = Release|Any CPU
		{02A77A43-510D-4D81-A2E4-2E6879D19ADF}.Release|Any CPU.Build.0 = Release|Any CPU
	EndGlobalSection
	GlobalSection(SolutionProperties) = preSolution
		HideSolutionNode = FALSE
	EndGlobalSection
EndGlobal
